// !$*UTF8*$!
{
	archiveVersion = 1;
	classes = {
	};
	objectVersion = 56;
	objects = {

/* Begin PBXBuildFile section */
		771BDA482B91EE030081E782 /* UIViewController+Ext.swift in Sources */ = {isa = PBXBuildFile; fileRef = 771BDA472B91EE030081E782 /* UIViewController+Ext.swift */; };
		771BDA4A2B91F09D0081E782 /* GoogleService-Info.plist in Resources */ = {isa = PBXBuildFile; fileRef = 771BDA492B91F09D0081E782 /* GoogleService-Info.plist */; };
		771BDA4D2B91F2890081E782 /* FirebaseAnalytics in Frameworks */ = {isa = PBXBuildFile; productRef = 771BDA4C2B91F2890081E782 /* FirebaseAnalytics */; };
		771BDA4F2B91F2890081E782 /* FirebaseAnalyticsOnDeviceConversion in Frameworks */ = {isa = PBXBuildFile; productRef = 771BDA4E2B91F2890081E782 /* FirebaseAnalyticsOnDeviceConversion */; };
		771BDA512B91F2890081E782 /* FirebaseAnalyticsSwift in Frameworks */ = {isa = PBXBuildFile; productRef = 771BDA502B91F2890081E782 /* FirebaseAnalyticsSwift */; };
		771BDA532B91F2890081E782 /* FirebaseAnalyticsWithoutAdIdSupport in Frameworks */ = {isa = PBXBuildFile; productRef = 771BDA522B91F2890081E782 /* FirebaseAnalyticsWithoutAdIdSupport */; };
		771BDA552B91F2890081E782 /* FirebaseAppCheck in Frameworks */ = {isa = PBXBuildFile; productRef = 771BDA542B91F2890081E782 /* FirebaseAppCheck */; };
		771BDA572B91F2890081E782 /* FirebaseAppDistribution-Beta in Frameworks */ = {isa = PBXBuildFile; productRef = 771BDA562B91F2890081E782 /* FirebaseAppDistribution-Beta */; };
		771BDA592B91F2890081E782 /* FirebaseAuth in Frameworks */ = {isa = PBXBuildFile; productRef = 771BDA582B91F2890081E782 /* FirebaseAuth */; };
		771BDA5B2B91F2890081E782 /* FirebaseAuthCombine-Community in Frameworks */ = {isa = PBXBuildFile; productRef = 771BDA5A2B91F2890081E782 /* FirebaseAuthCombine-Community */; };
		771BDA5D2B91F2890081E782 /* FirebaseCrashlytics in Frameworks */ = {isa = PBXBuildFile; productRef = 771BDA5C2B91F2890081E782 /* FirebaseCrashlytics */; };
		771BDA5F2B91F2890081E782 /* FirebaseDatabase in Frameworks */ = {isa = PBXBuildFile; productRef = 771BDA5E2B91F2890081E782 /* FirebaseDatabase */; };
		771BDA612B91F2890081E782 /* FirebaseDatabaseSwift in Frameworks */ = {isa = PBXBuildFile; productRef = 771BDA602B91F2890081E782 /* FirebaseDatabaseSwift */; };
		771BDA632B91F2890081E782 /* FirebaseDynamicLinks in Frameworks */ = {isa = PBXBuildFile; productRef = 771BDA622B91F2890081E782 /* FirebaseDynamicLinks */; };
		771BDA652B91F2890081E782 /* FirebaseFirestore in Frameworks */ = {isa = PBXBuildFile; productRef = 771BDA642B91F2890081E782 /* FirebaseFirestore */; };
		771BDA672B91F2890081E782 /* FirebaseFirestoreCombine-Community in Frameworks */ = {isa = PBXBuildFile; productRef = 771BDA662B91F2890081E782 /* FirebaseFirestoreCombine-Community */; };
		771BDA692B91F2890081E782 /* FirebaseFirestoreSwift in Frameworks */ = {isa = PBXBuildFile; productRef = 771BDA682B91F2890081E782 /* FirebaseFirestoreSwift */; };
		771BDA6B2B91F2890081E782 /* FirebaseFunctions in Frameworks */ = {isa = PBXBuildFile; productRef = 771BDA6A2B91F2890081E782 /* FirebaseFunctions */; };
		771BDA6D2B91F2890081E782 /* FirebaseFunctionsCombine-Community in Frameworks */ = {isa = PBXBuildFile; productRef = 771BDA6C2B91F2890081E782 /* FirebaseFunctionsCombine-Community */; };
		771BDA6F2B91F2890081E782 /* FirebaseInAppMessaging-Beta in Frameworks */ = {isa = PBXBuildFile; productRef = 771BDA6E2B91F2890081E782 /* FirebaseInAppMessaging-Beta */; };
		771BDA712B91F2890081E782 /* FirebaseInAppMessagingSwift-Beta in Frameworks */ = {isa = PBXBuildFile; productRef = 771BDA702B91F2890081E782 /* FirebaseInAppMessagingSwift-Beta */; };
		771BDA732B91F2890081E782 /* FirebaseInstallations in Frameworks */ = {isa = PBXBuildFile; productRef = 771BDA722B91F2890081E782 /* FirebaseInstallations */; };
		771BDA752B91F2890081E782 /* FirebaseMLModelDownloader in Frameworks */ = {isa = PBXBuildFile; productRef = 771BDA742B91F2890081E782 /* FirebaseMLModelDownloader */; };
		771BDA772B91F2890081E782 /* FirebaseMessaging in Frameworks */ = {isa = PBXBuildFile; productRef = 771BDA762B91F2890081E782 /* FirebaseMessaging */; };
		771BDA792B91F2890081E782 /* FirebasePerformance in Frameworks */ = {isa = PBXBuildFile; productRef = 771BDA782B91F2890081E782 /* FirebasePerformance */; };
		771BDA7B2B91F2890081E782 /* FirebaseRemoteConfig in Frameworks */ = {isa = PBXBuildFile; productRef = 771BDA7A2B91F2890081E782 /* FirebaseRemoteConfig */; };
		771BDA7D2B91F2890081E782 /* FirebaseRemoteConfigSwift in Frameworks */ = {isa = PBXBuildFile; productRef = 771BDA7C2B91F2890081E782 /* FirebaseRemoteConfigSwift */; };
		771BDA7F2B91F2890081E782 /* FirebaseStorage in Frameworks */ = {isa = PBXBuildFile; productRef = 771BDA7E2B91F2890081E782 /* FirebaseStorage */; };
		771BDA812B91F2890081E782 /* FirebaseStorageCombine-Community in Frameworks */ = {isa = PBXBuildFile; productRef = 771BDA802B91F2890081E782 /* FirebaseStorageCombine-Community */; };
		77AC0C9C2B8F57F100B385B9 /* AppDelegate.swift in Sources */ = {isa = PBXBuildFile; fileRef = 77AC0C9B2B8F57F100B385B9 /* AppDelegate.swift */; };
		77AC0C9E2B8F57F100B385B9 /* SceneDelegate.swift in Sources */ = {isa = PBXBuildFile; fileRef = 77AC0C9D2B8F57F100B385B9 /* SceneDelegate.swift */; };
		77AC0CA52B8F57F200B385B9 /* Assets.xcassets in Resources */ = {isa = PBXBuildFile; fileRef = 77AC0CA42B8F57F200B385B9 /* Assets.xcassets */; };
		77AC0CA82B8F57F200B385B9 /* LaunchScreen.storyboard in Resources */ = {isa = PBXBuildFile; fileRef = 77AC0CA62B8F57F200B385B9 /* LaunchScreen.storyboard */; };
		77AC0CB72B8F5C9000B385B9 /* LoginScreen.swift in Sources */ = {isa = PBXBuildFile; fileRef = 77AC0CB62B8F5C9000B385B9 /* LoginScreen.swift */; };
		77AC0CB92B8F5CEF00B385B9 /* LoginScreenViewModel.swift in Sources */ = {isa = PBXBuildFile; fileRef = 77AC0CB82B8F5CEF00B385B9 /* LoginScreenViewModel.swift */; };
		77AC0CBB2B8F5E5100B385B9 /* CreateAccountScreen.swift in Sources */ = {isa = PBXBuildFile; fileRef = 77AC0CBA2B8F5E5100B385B9 /* CreateAccountScreen.swift */; };
		77AC0CBD2B8F5E9100B385B9 /* CreateAccountScreenViewModel.swift in Sources */ = {isa = PBXBuildFile; fileRef = 77AC0CBC2B8F5E9100B385B9 /* CreateAccountScreenViewModel.swift */; };
		77AC0CBF2B8F619C00B385B9 /* LButton.swift in Sources */ = {isa = PBXBuildFile; fileRef = 77AC0CBE2B8F619C00B385B9 /* LButton.swift */; };
		77AC0CC12B8F631000B385B9 /* LTextField.swift in Sources */ = {isa = PBXBuildFile; fileRef = 77AC0CC02B8F631000B385B9 /* LTextField.swift */; };
		77AC0CC52B8F6C5A00B385B9 /* LLabel.swift in Sources */ = {isa = PBXBuildFile; fileRef = 77AC0CC42B8F6C5A00B385B9 /* LLabel.swift */; };
		77AC0CC82B8F762C00B385B9 /* UIView+Ext.swift in Sources */ = {isa = PBXBuildFile; fileRef = 77AC0CC72B8F762C00B385B9 /* UIView+Ext.swift */; };
/* End PBXBuildFile section */

/* Begin PBXFileReference section */
		771BDA472B91EE030081E782 /* UIViewController+Ext.swift */ = {isa = PBXFileReference; lastKnownFileType = sourcecode.swift; path = "UIViewController+Ext.swift"; sourceTree = "<group>"; };
		771BDA492B91F09D0081E782 /* GoogleService-Info.plist */ = {isa = PBXFileReference; fileEncoding = 4; lastKnownFileType = text.plist.xml; path = "GoogleService-Info.plist"; sourceTree = "<group>"; };
		77AC0C982B8F57F100B385B9 /* Login.app */ = {isa = PBXFileReference; explicitFileType = wrapper.application; includeInIndex = 0; path = Login.app; sourceTree = BUILT_PRODUCTS_DIR; };
		77AC0C9B2B8F57F100B385B9 /* AppDelegate.swift */ = {isa = PBXFileReference; lastKnownFileType = sourcecode.swift; path = AppDelegate.swift; sourceTree = "<group>"; };
		77AC0C9D2B8F57F100B385B9 /* SceneDelegate.swift */ = {isa = PBXFileReference; lastKnownFileType = sourcecode.swift; path = SceneDelegate.swift; sourceTree = "<group>"; };
		77AC0CA42B8F57F200B385B9 /* Assets.xcassets */ = {isa = PBXFileReference; lastKnownFileType = folder.assetcatalog; path = Assets.xcassets; sourceTree = "<group>"; };
		77AC0CA72B8F57F200B385B9 /* Base */ = {isa = PBXFileReference; lastKnownFileType = file.storyboard; name = Base; path = Base.lproj/LaunchScreen.storyboard; sourceTree = "<group>"; };
		77AC0CA92B8F57F200B385B9 /* Info.plist */ = {isa = PBXFileReference; lastKnownFileType = text.plist.xml; path = Info.plist; sourceTree = "<group>"; };
		77AC0CB62B8F5C9000B385B9 /* LoginScreen.swift */ = {isa = PBXFileReference; lastKnownFileType = sourcecode.swift; path = LoginScreen.swift; sourceTree = "<group>"; };
		77AC0CB82B8F5CEF00B385B9 /* LoginScreenViewModel.swift */ = {isa = PBXFileReference; lastKnownFileType = sourcecode.swift; path = LoginScreenViewModel.swift; sourceTree = "<group>"; };
		77AC0CBA2B8F5E5100B385B9 /* CreateAccountScreen.swift */ = {isa = PBXFileReference; lastKnownFileType = sourcecode.swift; path = CreateAccountScreen.swift; sourceTree = "<group>"; };
		77AC0CBC2B8F5E9100B385B9 /* CreateAccountScreenViewModel.swift */ = {isa = PBXFileReference; lastKnownFileType = sourcecode.swift; path = CreateAccountScreenViewModel.swift; sourceTree = "<group>"; };
		77AC0CBE2B8F619C00B385B9 /* LButton.swift */ = {isa = PBXFileReference; lastKnownFileType = sourcecode.swift; path = LButton.swift; sourceTree = "<group>"; };
		77AC0CC02B8F631000B385B9 /* LTextField.swift */ = {isa = PBXFileReference; lastKnownFileType = sourcecode.swift; path = LTextField.swift; sourceTree = "<group>"; };
		77AC0CC42B8F6C5A00B385B9 /* LLabel.swift */ = {isa = PBXFileReference; lastKnownFileType = sourcecode.swift; path = LLabel.swift; sourceTree = "<group>"; };
		77AC0CC72B8F762C00B385B9 /* UIView+Ext.swift */ = {isa = PBXFileReference; lastKnownFileType = sourcecode.swift; path = "UIView+Ext.swift"; sourceTree = "<group>"; };
/* End PBXFileReference section */

/* Begin PBXFrameworksBuildPhase section */
		77AC0C952B8F57F100B385B9 /* Frameworks */ = {
			isa = PBXFrameworksBuildPhase;
			buildActionMask = 2147483647;
			files = (
				771BDA5F2B91F2890081E782 /* FirebaseDatabase in Frameworks */,
				771BDA6D2B91F2890081E782 /* FirebaseFunctionsCombine-Community in Frameworks */,
				771BDA652B91F2890081E782 /* FirebaseFirestore in Frameworks */,
				771BDA512B91F2890081E782 /* FirebaseAnalyticsSwift in Frameworks */,
				771BDA4D2B91F2890081E782 /* FirebaseAnalytics in Frameworks */,
				771BDA4F2B91F2890081E782 /* FirebaseAnalyticsOnDeviceConversion in Frameworks */,
				771BDA752B91F2890081E782 /* FirebaseMLModelDownloader in Frameworks */,
				771BDA692B91F2890081E782 /* FirebaseFirestoreSwift in Frameworks */,
				771BDA552B91F2890081E782 /* FirebaseAppCheck in Frameworks */,
				771BDA532B91F2890081E782 /* FirebaseAnalyticsWithoutAdIdSupport in Frameworks */,
				771BDA592B91F2890081E782 /* FirebaseAuth in Frameworks */,
				771BDA5D2B91F2890081E782 /* FirebaseCrashlytics in Frameworks */,
				771BDA7D2B91F2890081E782 /* FirebaseRemoteConfigSwift in Frameworks */,
				771BDA6F2B91F2890081E782 /* FirebaseInAppMessaging-Beta in Frameworks */,
				771BDA612B91F2890081E782 /* FirebaseDatabaseSwift in Frameworks */,
				771BDA6B2B91F2890081E782 /* FirebaseFunctions in Frameworks */,
				771BDA812B91F2890081E782 /* FirebaseStorageCombine-Community in Frameworks */,
				771BDA7B2B91F2890081E782 /* FirebaseRemoteConfig in Frameworks */,
				771BDA572B91F2890081E782 /* FirebaseAppDistribution-Beta in Frameworks */,
				771BDA5B2B91F2890081E782 /* FirebaseAuthCombine-Community in Frameworks */,
				771BDA792B91F2890081E782 /* FirebasePerformance in Frameworks */,
				771BDA712B91F2890081E782 /* FirebaseInAppMessagingSwift-Beta in Frameworks */,
				771BDA7F2B91F2890081E782 /* FirebaseStorage in Frameworks */,
				771BDA632B91F2890081E782 /* FirebaseDynamicLinks in Frameworks */,
				771BDA672B91F2890081E782 /* FirebaseFirestoreCombine-Community in Frameworks */,
				771BDA772B91F2890081E782 /* FirebaseMessaging in Frameworks */,
				771BDA732B91F2890081E782 /* FirebaseInstallations in Frameworks */,
			);
			runOnlyForDeploymentPostprocessing = 0;
		};
/* End PBXFrameworksBuildPhase section */

/* Begin PBXGroup section */
		77AC0C8F2B8F57F100B385B9 = {
			isa = PBXGroup;
			children = (
				77AC0C9A2B8F57F100B385B9 /* Login */,
				77AC0C992B8F57F100B385B9 /* Products */,
			);
			sourceTree = "<group>";
		};
		77AC0C992B8F57F100B385B9 /* Products */ = {
			isa = PBXGroup;
			children = (
				77AC0C982B8F57F100B385B9 /* Login.app */,
			);
			name = Products;
			sourceTree = "<group>";
		};
		77AC0C9A2B8F57F100B385B9 /* Login */ = {
			isa = PBXGroup;
			children = (
				77AC0CAF2B8F5C0A00B385B9 /* App */,
				77AC0CC62B8F760C00B385B9 /* Extensions */,
				77AC0CB12B8F5C2500B385B9 /* ViewModels */,
				77AC0CB02B8F5C1500B385B9 /* Screens */,
				77AC0CB22B8F5C4600B385B9 /* Views */,
				77AC0CA42B8F57F200B385B9 /* Assets.xcassets */,
				77AC0CA62B8F57F200B385B9 /* LaunchScreen.storyboard */,
				77AC0CA92B8F57F200B385B9 /* Info.plist */,
				771BDA492B91F09D0081E782 /* GoogleService-Info.plist */,
			);
			path = Login;
			sourceTree = "<group>";
		};
		77AC0CAF2B8F5C0A00B385B9 /* App */ = {
			isa = PBXGroup;
			children = (
				77AC0C9B2B8F57F100B385B9 /* AppDelegate.swift */,
				77AC0C9D2B8F57F100B385B9 /* SceneDelegate.swift */,
			);
			path = App;
			sourceTree = "<group>";
		};
		77AC0CB02B8F5C1500B385B9 /* Screens */ = {
			isa = PBXGroup;
			children = (
				77AC0CB62B8F5C9000B385B9 /* LoginScreen.swift */,
				77AC0CBA2B8F5E5100B385B9 /* CreateAccountScreen.swift */,
			);
			path = Screens;
			sourceTree = "<group>";
		};
		77AC0CB12B8F5C2500B385B9 /* ViewModels */ = {
			isa = PBXGroup;
			children = (
				77AC0CB82B8F5CEF00B385B9 /* LoginScreenViewModel.swift */,
				77AC0CBC2B8F5E9100B385B9 /* CreateAccountScreenViewModel.swift */,
			);
			path = ViewModels;
			sourceTree = "<group>";
		};
		77AC0CB22B8F5C4600B385B9 /* Views */ = {
			isa = PBXGroup;
			children = (
				77AC0CBE2B8F619C00B385B9 /* LButton.swift */,
				77AC0CC02B8F631000B385B9 /* LTextField.swift */,
				77AC0CC42B8F6C5A00B385B9 /* LLabel.swift */,
			);
			path = Views;
			sourceTree = "<group>";
		};
		77AC0CC62B8F760C00B385B9 /* Extensions */ = {
			isa = PBXGroup;
			children = (
				77AC0CC72B8F762C00B385B9 /* UIView+Ext.swift */,
				771BDA472B91EE030081E782 /* UIViewController+Ext.swift */,
			);
			path = Extensions;
			sourceTree = "<group>";
		};
/* End PBXGroup section */

/* Begin PBXNativeTarget section */
		77AC0C972B8F57F100B385B9 /* Login */ = {
			isa = PBXNativeTarget;
			buildConfigurationList = 77AC0CAC2B8F57F200B385B9 /* Build configuration list for PBXNativeTarget "Login" */;
			buildPhases = (
				77AC0C942B8F57F100B385B9 /* Sources */,
				77AC0C952B8F57F100B385B9 /* Frameworks */,
				77AC0C962B8F57F100B385B9 /* Resources */,
			);
			buildRules = (
			);
			dependencies = (
			);
			name = Login;
			packageProductDependencies = (
				771BDA4C2B91F2890081E782 /* FirebaseAnalytics */,
				771BDA4E2B91F2890081E782 /* FirebaseAnalyticsOnDeviceConversion */,
				771BDA502B91F2890081E782 /* FirebaseAnalyticsSwift */,
				771BDA522B91F2890081E782 /* FirebaseAnalyticsWithoutAdIdSupport */,
				771BDA542B91F2890081E782 /* FirebaseAppCheck */,
				771BDA562B91F2890081E782 /* FirebaseAppDistribution-Beta */,
				771BDA582B91F2890081E782 /* FirebaseAuth */,
				771BDA5A2B91F2890081E782 /* FirebaseAuthCombine-Community */,
				771BDA5C2B91F2890081E782 /* FirebaseCrashlytics */,
				771BDA5E2B91F2890081E782 /* FirebaseDatabase */,
				771BDA602B91F2890081E782 /* FirebaseDatabaseSwift */,
				771BDA622B91F2890081E782 /* FirebaseDynamicLinks */,
				771BDA642B91F2890081E782 /* FirebaseFirestore */,
				771BDA662B91F2890081E782 /* FirebaseFirestoreCombine-Community */,
				771BDA682B91F2890081E782 /* FirebaseFirestoreSwift */,
				771BDA6A2B91F2890081E782 /* FirebaseFunctions */,
				771BDA6C2B91F2890081E782 /* FirebaseFunctionsCombine-Community */,
				771BDA6E2B91F2890081E782 /* FirebaseInAppMessaging-Beta */,
				771BDA702B91F2890081E782 /* FirebaseInAppMessagingSwift-Beta */,
				771BDA722B91F2890081E782 /* FirebaseInstallations */,
				771BDA742B91F2890081E782 /* FirebaseMLModelDownloader */,
				771BDA762B91F2890081E782 /* FirebaseMessaging */,
				771BDA782B91F2890081E782 /* FirebasePerformance */,
				771BDA7A2B91F2890081E782 /* FirebaseRemoteConfig */,
				771BDA7C2B91F2890081E782 /* FirebaseRemoteConfigSwift */,
				771BDA7E2B91F2890081E782 /* FirebaseStorage */,
				771BDA802B91F2890081E782 /* FirebaseStorageCombine-Community */,
			);
			productName = Login;
			productReference = 77AC0C982B8F57F100B385B9 /* Login.app */;
			productType = "com.apple.product-type.application";
		};
/* End PBXNativeTarget section */

/* Begin PBXProject section */
		77AC0C902B8F57F100B385B9 /* Project object */ = {
			isa = PBXProject;
			attributes = {
				BuildIndependentTargetsInParallel = 1;
				LastSwiftUpdateCheck = 1520;
				LastUpgradeCheck = 1520;
				TargetAttributes = {
					77AC0C972B8F57F100B385B9 = {
						CreatedOnToolsVersion = 15.2;
					};
				};
			};
			buildConfigurationList = 77AC0C932B8F57F100B385B9 /* Build configuration list for PBXProject "Login" */;
			compatibilityVersion = "Xcode 14.0";
			developmentRegion = en;
			hasScannedForEncodings = 0;
			knownRegions = (
				en,
				Base,
			);
			mainGroup = 77AC0C8F2B8F57F100B385B9;
			packageReferences = (
				771BDA4B2B91F2880081E782 /* XCRemoteSwiftPackageReference "firebase-ios-sdk" */,
			);
			productRefGroup = 77AC0C992B8F57F100B385B9 /* Products */;
			projectDirPath = "";
			projectRoot = "";
			targets = (
				77AC0C972B8F57F100B385B9 /* Login */,
			);
		};
/* End PBXProject section */

/* Begin PBXResourcesBuildPhase section */
		77AC0C962B8F57F100B385B9 /* Resources */ = {
			isa = PBXResourcesBuildPhase;
			buildActionMask = 2147483647;
			files = (
				77AC0CA82B8F57F200B385B9 /* LaunchScreen.storyboard in Resources */,
				77AC0CA52B8F57F200B385B9 /* Assets.xcassets in Resources */,
				771BDA4A2B91F09D0081E782 /* GoogleService-Info.plist in Resources */,
			);
			runOnlyForDeploymentPostprocessing = 0;
		};
/* End PBXResourcesBuildPhase section */

/* Begin PBXSourcesBuildPhase section */
		77AC0C942B8F57F100B385B9 /* Sources */ = {
			isa = PBXSourcesBuildPhase;
			buildActionMask = 2147483647;
			files = (
				77AC0CC12B8F631000B385B9 /* LTextField.swift in Sources */,
				77AC0CB72B8F5C9000B385B9 /* LoginScreen.swift in Sources */,
				77AC0CC82B8F762C00B385B9 /* UIView+Ext.swift in Sources */,
				771BDA482B91EE030081E782 /* UIViewController+Ext.swift in Sources */,
				77AC0CBF2B8F619C00B385B9 /* LButton.swift in Sources */,
				77AC0C9C2B8F57F100B385B9 /* AppDelegate.swift in Sources */,
				77AC0CBD2B8F5E9100B385B9 /* CreateAccountScreenViewModel.swift in Sources */,
				77AC0CB92B8F5CEF00B385B9 /* LoginScreenViewModel.swift in Sources */,
				77AC0C9E2B8F57F100B385B9 /* SceneDelegate.swift in Sources */,
				77AC0CC52B8F6C5A00B385B9 /* LLabel.swift in Sources */,
				77AC0CBB2B8F5E5100B385B9 /* CreateAccountScreen.swift in Sources */,
			);
			runOnlyForDeploymentPostprocessing = 0;
		};
/* End PBXSourcesBuildPhase section */

/* Begin PBXVariantGroup section */
		77AC0CA62B8F57F200B385B9 /* LaunchScreen.storyboard */ = {
			isa = PBXVariantGroup;
			children = (
				77AC0CA72B8F57F200B385B9 /* Base */,
			);
			name = LaunchScreen.storyboard;
			sourceTree = "<group>";
		};
/* End PBXVariantGroup section */

/* Begin XCBuildConfiguration section */
		77AC0CAA2B8F57F200B385B9 /* Debug */ = {
			isa = XCBuildConfiguration;
			buildSettings = {
				ALWAYS_SEARCH_USER_PATHS = NO;
				ASSETCATALOG_COMPILER_GENERATE_SWIFT_ASSET_SYMBOL_EXTENSIONS = YES;
				CLANG_ANALYZER_NONNULL = YES;
				CLANG_ANALYZER_NUMBER_OBJECT_CONVERSION = YES_AGGRESSIVE;
				CLANG_CXX_LANGUAGE_STANDARD = "gnu++20";
				CLANG_ENABLE_MODULES = YES;
				CLANG_ENABLE_OBJC_ARC = YES;
				CLANG_ENABLE_OBJC_WEAK = YES;
				CLANG_WARN_BLOCK_CAPTURE_AUTORELEASING = YES;
				CLANG_WARN_BOOL_CONVERSION = YES;
				CLANG_WARN_COMMA = YES;
				CLANG_WARN_CONSTANT_CONVERSION = YES;
				CLANG_WARN_DEPRECATED_OBJC_IMPLEMENTATIONS = YES;
				CLANG_WARN_DIRECT_OBJC_ISA_USAGE = YES_ERROR;
				CLANG_WARN_DOCUMENTATION_COMMENTS = YES;
				CLANG_WARN_EMPTY_BODY = YES;
				CLANG_WARN_ENUM_CONVERSION = YES;
				CLANG_WARN_INFINITE_RECURSION = YES;
				CLANG_WARN_INT_CONVERSION = YES;
				CLANG_WARN_NON_LITERAL_NULL_CONVERSION = YES;
				CLANG_WARN_OBJC_IMPLICIT_RETAIN_SELF = YES;
				CLANG_WARN_OBJC_LITERAL_CONVERSION = YES;
				CLANG_WARN_OBJC_ROOT_CLASS = YES_ERROR;
				CLANG_WARN_QUOTED_INCLUDE_IN_FRAMEWORK_HEADER = YES;
				CLANG_WARN_RANGE_LOOP_ANALYSIS = YES;
				CLANG_WARN_STRICT_PROTOTYPES = YES;
				CLANG_WARN_SUSPICIOUS_MOVE = YES;
				CLANG_WARN_UNGUARDED_AVAILABILITY = YES_AGGRESSIVE;
				CLANG_WARN_UNREACHABLE_CODE = YES;
				CLANG_WARN__DUPLICATE_METHOD_MATCH = YES;
				COPY_PHASE_STRIP = NO;
				DEBUG_INFORMATION_FORMAT = dwarf;
				ENABLE_STRICT_OBJC_MSGSEND = YES;
				ENABLE_TESTABILITY = YES;
				ENABLE_USER_SCRIPT_SANDBOXING = YES;
				GCC_C_LANGUAGE_STANDARD = gnu17;
				GCC_DYNAMIC_NO_PIC = NO;
				GCC_NO_COMMON_BLOCKS = YES;
				GCC_OPTIMIZATION_LEVEL = 0;
				GCC_PREPROCESSOR_DEFINITIONS = (
					"DEBUG=1",
					"$(inherited)",
				);
				GCC_WARN_64_TO_32_BIT_CONVERSION = YES;
				GCC_WARN_ABOUT_RETURN_TYPE = YES_ERROR;
				GCC_WARN_UNDECLARED_SELECTOR = YES;
				GCC_WARN_UNINITIALIZED_AUTOS = YES_AGGRESSIVE;
				GCC_WARN_UNUSED_FUNCTION = YES;
				GCC_WARN_UNUSED_VARIABLE = YES;
				IPHONEOS_DEPLOYMENT_TARGET = 17.2;
				LOCALIZATION_PREFERS_STRING_CATALOGS = YES;
				MTL_ENABLE_DEBUG_INFO = INCLUDE_SOURCE;
				MTL_FAST_MATH = YES;
				ONLY_ACTIVE_ARCH = YES;
				SDKROOT = iphoneos;
				SWIFT_ACTIVE_COMPILATION_CONDITIONS = "DEBUG $(inherited)";
				SWIFT_OPTIMIZATION_LEVEL = "-Onone";
			};
			name = Debug;
		};
		77AC0CAB2B8F57F200B385B9 /* Release */ = {
			isa = XCBuildConfiguration;
			buildSettings = {
				ALWAYS_SEARCH_USER_PATHS = NO;
				ASSETCATALOG_COMPILER_GENERATE_SWIFT_ASSET_SYMBOL_EXTENSIONS = YES;
				CLANG_ANALYZER_NONNULL = YES;
				CLANG_ANALYZER_NUMBER_OBJECT_CONVERSION = YES_AGGRESSIVE;
				CLANG_CXX_LANGUAGE_STANDARD = "gnu++20";
				CLANG_ENABLE_MODULES = YES;
				CLANG_ENABLE_OBJC_ARC = YES;
				CLANG_ENABLE_OBJC_WEAK = YES;
				CLANG_WARN_BLOCK_CAPTURE_AUTORELEASING = YES;
				CLANG_WARN_BOOL_CONVERSION = YES;
				CLANG_WARN_COMMA = YES;
				CLANG_WARN_CONSTANT_CONVERSION = YES;
				CLANG_WARN_DEPRECATED_OBJC_IMPLEMENTATIONS = YES;
				CLANG_WARN_DIRECT_OBJC_ISA_USAGE = YES_ERROR;
				CLANG_WARN_DOCUMENTATION_COMMENTS = YES;
				CLANG_WARN_EMPTY_BODY = YES;
				CLANG_WARN_ENUM_CONVERSION = YES;
				CLANG_WARN_INFINITE_RECURSION = YES;
				CLANG_WARN_INT_CONVERSION = YES;
				CLANG_WARN_NON_LITERAL_NULL_CONVERSION = YES;
				CLANG_WARN_OBJC_IMPLICIT_RETAIN_SELF = YES;
				CLANG_WARN_OBJC_LITERAL_CONVERSION = YES;
				CLANG_WARN_OBJC_ROOT_CLASS = YES_ERROR;
				CLANG_WARN_QUOTED_INCLUDE_IN_FRAMEWORK_HEADER = YES;
				CLANG_WARN_RANGE_LOOP_ANALYSIS = YES;
				CLANG_WARN_STRICT_PROTOTYPES = YES;
				CLANG_WARN_SUSPICIOUS_MOVE = YES;
				CLANG_WARN_UNGUARDED_AVAILABILITY = YES_AGGRESSIVE;
				CLANG_WARN_UNREACHABLE_CODE = YES;
				CLANG_WARN__DUPLICATE_METHOD_MATCH = YES;
				COPY_PHASE_STRIP = NO;
				DEBUG_INFORMATION_FORMAT = "dwarf-with-dsym";
				ENABLE_NS_ASSERTIONS = NO;
				ENABLE_STRICT_OBJC_MSGSEND = YES;
				ENABLE_USER_SCRIPT_SANDBOXING = YES;
				GCC_C_LANGUAGE_STANDARD = gnu17;
				GCC_NO_COMMON_BLOCKS = YES;
				GCC_WARN_64_TO_32_BIT_CONVERSION = YES;
				GCC_WARN_ABOUT_RETURN_TYPE = YES_ERROR;
				GCC_WARN_UNDECLARED_SELECTOR = YES;
				GCC_WARN_UNINITIALIZED_AUTOS = YES_AGGRESSIVE;
				GCC_WARN_UNUSED_FUNCTION = YES;
				GCC_WARN_UNUSED_VARIABLE = YES;
				IPHONEOS_DEPLOYMENT_TARGET = 17.2;
				LOCALIZATION_PREFERS_STRING_CATALOGS = YES;
				MTL_ENABLE_DEBUG_INFO = NO;
				MTL_FAST_MATH = YES;
				SDKROOT = iphoneos;
				SWIFT_COMPILATION_MODE = wholemodule;
				VALIDATE_PRODUCT = YES;
			};
			name = Release;
		};
		77AC0CAD2B8F57F200B385B9 /* Debug */ = {
			isa = XCBuildConfiguration;
			buildSettings = {
				ASSETCATALOG_COMPILER_APPICON_NAME = AppIcon;
				ASSETCATALOG_COMPILER_GLOBAL_ACCENT_COLOR_NAME = AccentColor;
				CODE_SIGN_STYLE = Automatic;
				CURRENT_PROJECT_VERSION = 1;
				DEVELOPMENT_TEAM = 76ZJ9H6F4F;
				GENERATE_INFOPLIST_FILE = YES;
				INFOPLIST_FILE = Login/Info.plist;
				INFOPLIST_KEY_UIApplicationSupportsIndirectInputEvents = YES;
				INFOPLIST_KEY_UILaunchStoryboardName = LaunchScreen;
				INFOPLIST_KEY_UISupportedInterfaceOrientations_iPad = "UIInterfaceOrientationPortrait UIInterfaceOrientationPortraitUpsideDown UIInterfaceOrientationLandscapeLeft UIInterfaceOrientationLandscapeRight";
				INFOPLIST_KEY_UISupportedInterfaceOrientations_iPhone = "UIInterfaceOrientationPortrait UIInterfaceOrientationLandscapeLeft UIInterfaceOrientationLandscapeRight";
				LD_RUNPATH_SEARCH_PATHS = (
					"$(inherited)",
					"@executable_path/Frameworks",
				);
				MARKETING_VERSION = 1.0;
				PRODUCT_BUNDLE_IDENTIFIER = com.ozguncanbeydili.Login;
				PRODUCT_NAME = "$(TARGET_NAME)";
				SWIFT_EMIT_LOC_STRINGS = YES;
				SWIFT_VERSION = 5.0;
				TARGETED_DEVICE_FAMILY = "1,2";
			};
			name = Debug;
		};
		77AC0CAE2B8F57F200B385B9 /* Release */ = {
			isa = XCBuildConfiguration;
			buildSettings = {
				ASSETCATALOG_COMPILER_APPICON_NAME = AppIcon;
				ASSETCATALOG_COMPILER_GLOBAL_ACCENT_COLOR_NAME = AccentColor;
				CODE_SIGN_STYLE = Automatic;
				CURRENT_PROJECT_VERSION = 1;
				DEVELOPMENT_TEAM = 76ZJ9H6F4F;
				GENERATE_INFOPLIST_FILE = YES;
				INFOPLIST_FILE = Login/Info.plist;
				INFOPLIST_KEY_UIApplicationSupportsIndirectInputEvents = YES;
				INFOPLIST_KEY_UILaunchStoryboardName = LaunchScreen;
				INFOPLIST_KEY_UISupportedInterfaceOrientations_iPad = "UIInterfaceOrientationPortrait UIInterfaceOrientationPortraitUpsideDown UIInterfaceOrientationLandscapeLeft UIInterfaceOrientationLandscapeRight";
				INFOPLIST_KEY_UISupportedInterfaceOrientations_iPhone = "UIInterfaceOrientationPortrait UIInterfaceOrientationLandscapeLeft UIInterfaceOrientationLandscapeRight";
				LD_RUNPATH_SEARCH_PATHS = (
					"$(inherited)",
					"@executable_path/Frameworks",
				);
				MARKETING_VERSION = 1.0;
				PRODUCT_BUNDLE_IDENTIFIER = com.ozguncanbeydili.Login;
				PRODUCT_NAME = "$(TARGET_NAME)";
				SWIFT_EMIT_LOC_STRINGS = YES;
				SWIFT_VERSION = 5.0;
				TARGETED_DEVICE_FAMILY = "1,2";
			};
			name = Release;
		};
/* End XCBuildConfiguration section */

/* Begin XCConfigurationList section */
		77AC0C932B8F57F100B385B9 /* Build configuration list for PBXProject "Login" */ = {
			isa = XCConfigurationList;
			buildConfigurations = (
				77AC0CAA2B8F57F200B385B9 /* Debug */,
				77AC0CAB2B8F57F200B385B9 /* Release */,
			);
			defaultConfigurationIsVisible = 0;
			defaultConfigurationName = Release;
		};
		77AC0CAC2B8F57F200B385B9 /* Build configuration list for PBXNativeTarget "Login" */ = {
			isa = XCConfigurationList;
			buildConfigurations = (
				77AC0CAD2B8F57F200B385B9 /* Debug */,
				77AC0CAE2B8F57F200B385B9 /* Release */,
			);
			defaultConfigurationIsVisible = 0;
			defaultConfigurationName = Release;
		};
/* End XCConfigurationList section */

/* Begin XCRemoteSwiftPackageReference section */
		771BDA4B2B91F2880081E782 /* XCRemoteSwiftPackageReference "firebase-ios-sdk" */ = {
			isa = XCRemoteSwiftPackageReference;
			repositoryURL = "https://github.com/firebase/firebase-ios-sdk";
			requirement = {
				kind = upToNextMajorVersion;
				minimumVersion = 10.21.0;
			};
		};
/* End XCRemoteSwiftPackageReference section */

/* Begin XCSwiftPackageProductDependency section */
		771BDA4C2B91F2890081E782 /* FirebaseAnalytics */ = {
			isa = XCSwiftPackageProductDependency;
			package = 771BDA4B2B91F2880081E782 /* XCRemoteSwiftPackageReference "firebase-ios-sdk" */;
			productName = FirebaseAnalytics;
		};
		771BDA4E2B91F2890081E782 /* FirebaseAnalyticsOnDeviceConversion */ = {
			isa = XCSwiftPackageProductDependency;
			package = 771BDA4B2B91F2880081E782 /* XCRemoteSwiftPackageReference "firebase-ios-sdk" */;
			productName = FirebaseAnalyticsOnDeviceConversion;
		};
		771BDA502B91F2890081E782 /* FirebaseAnalyticsSwift */ = {
			isa = XCSwiftPackageProductDependency;
			package = 771BDA4B2B91F2880081E782 /* XCRemoteSwiftPackageReference "firebase-ios-sdk" */;
			productName = FirebaseAnalyticsSwift;
		};
		771BDA522B91F2890081E782 /* FirebaseAnalyticsWithoutAdIdSupport */ = {
			isa = XCSwiftPackageProductDependency;
			package = 771BDA4B2B91F2880081E782 /* XCRemoteSwiftPackageReference "firebase-ios-sdk" */;
			productName = FirebaseAnalyticsWithoutAdIdSupport;
		};
		771BDA542B91F2890081E782 /* FirebaseAppCheck */ = {
			isa = XCSwiftPackageProductDependency;
			package = 771BDA4B2B91F2880081E782 /* XCRemoteSwiftPackageReference "firebase-ios-sdk" */;
			productName = FirebaseAppCheck;
		};
		771BDA562B91F2890081E782 /* FirebaseAppDistribution-Beta */ = {
			isa = XCSwiftPackageProductDependency;
			package = 771BDA4B2B91F2880081E782 /* XCRemoteSwiftPackageReference "firebase-ios-sdk" */;
			productName = "FirebaseAppDistribution-Beta";
		};
		771BDA582B91F2890081E782 /* FirebaseAuth */ = {
			isa = XCSwiftPackageProductDependency;
			package = 771BDA4B2B91F2880081E782 /* XCRemoteSwiftPackageReference "firebase-ios-sdk" */;
			productName = FirebaseAuth;
		};
		771BDA5A2B91F2890081E782 /* FirebaseAuthCombine-Community */ = {
			isa = XCSwiftPackageProductDependency;
			package = 771BDA4B2B91F2880081E782 /* XCRemoteSwiftPackageReference "firebase-ios-sdk" */;
			productName = "FirebaseAuthCombine-Community";
		};
		771BDA5C2B91F2890081E782 /* FirebaseCrashlytics */ = {
			isa = XCSwiftPackageProductDependency;
			package = 771BDA4B2B91F2880081E782 /* XCRemoteSwiftPackageReference "firebase-ios-sdk" */;
			productName = FirebaseCrashlytics;
		};
		771BDA5E2B91F2890081E782 /* FirebaseDatabase */ = {
			isa = XCSwiftPackageProductDependency;
			package = 771BDA4B2B91F2880081E782 /* XCRemoteSwiftPackageReference "firebase-ios-sdk" */;
			productName = FirebaseDatabase;
		};
		771BDA602B91F2890081E782 /* FirebaseDatabaseSwift */ = {
			isa = XCSwiftPackageProductDependency;
			package = 771BDA4B2B91F2880081E782 /* XCRemoteSwiftPackageReference "firebase-ios-sdk" */;
			productName = FirebaseDatabaseSwift;
		};
		771BDA622B91F2890081E782 /* FirebaseDynamicLinks */ = {
			isa = XCSwiftPackageProductDependency;
			package = 771BDA4B2B91F2880081E782 /* XCRemoteSwiftPackageReference "firebase-ios-sdk" */;
			productName = FirebaseDynamicLinks;
		};
		771BDA642B91F2890081E782 /* FirebaseFirestore */ = {
			isa = XCSwiftPackageProductDependency;
			package = 771BDA4B2B91F2880081E782 /* XCRemoteSwiftPackageReference "firebase-ios-sdk" */;
			productName = FirebaseFirestore;
		};
		771BDA662B91F2890081E782 /* FirebaseFirestoreCombine-Community */ = {
			isa = XCSwiftPackageProductDependency;
			package = 771BDA4B2B91F2880081E782 /* XCRemoteSwiftPackageReference "firebase-ios-sdk" */;
			productName = "FirebaseFirestoreCombine-Community";
		};
		771BDA682B91F2890081E782 /* FirebaseFirestoreSwift */ = {
			isa = XCSwiftPackageProductDependency;
			package = 771BDA4B2B91F2880081E782 /* XCRemoteSwiftPackageReference "firebase-ios-sdk" */;
			productName = FirebaseFirestoreSwift;
		};
		771BDA6A2B91F2890081E782 /* FirebaseFunctions */ = {
			isa = XCSwiftPackageProductDependency;
			package = 771BDA4B2B91F2880081E782 /* XCRemoteSwiftPackageReference "firebase-ios-sdk" */;
			productName = FirebaseFunctions;
		};
		771BDA6C2B91F2890081E782 /* FirebaseFunctionsCombine-Community */ = {
			isa = XCSwiftPackageProductDependency;
			package = 771BDA4B2B91F2880081E782 /* XCRemoteSwiftPackageReference "firebase-ios-sdk" */;
			productName = "FirebaseFunctionsCombine-Community";
		};
		771BDA6E2B91F2890081E782 /* FirebaseInAppMessaging-Beta */ = {
			isa = XCSwiftPackageProductDependency;
			package = 771BDA4B2B91F2880081E782 /* XCRemoteSwiftPackageReference "firebase-ios-sdk" */;
			productName = "FirebaseInAppMessaging-Beta";
		};
		771BDA702B91F2890081E782 /* FirebaseInAppMessagingSwift-Beta */ = {
			isa = XCSwiftPackageProductDependency;
			package = 771BDA4B2B91F2880081E782 /* XCRemoteSwiftPackageReference "firebase-ios-sdk" */;
			productName = "FirebaseInAppMessagingSwift-Beta";
		};
		771BDA722B91F2890081E782 /* FirebaseInstallations */ = {
			isa = XCSwiftPackageProductDependency;
			package = 771BDA4B2B91F2880081E782 /* XCRemoteSwiftPackageReference "firebase-ios-sdk" */;
			productName = FirebaseInstallations;
		};
		771BDA742B91F2890081E782 /* FirebaseMLModelDownloader */ = {
			isa = XCSwiftPackageProductDependency;
			package = 771BDA4B2B91F2880081E782 /* XCRemoteSwiftPackageReference "firebase-ios-sdk" */;
			productName = FirebaseMLModelDownloader;
		};
		771BDA762B91F2890081E782 /* FirebaseMessaging */ = {
			isa = XCSwiftPackageProductDependency;
			package = 771BDA4B2B91F2880081E782 /* XCRemoteSwiftPackageReference "firebase-ios-sdk" */;
			productName = FirebaseMessaging;
		};
		771BDA782B91F2890081E782 /* FirebasePerformance */ = {
			isa = XCSwiftPackageProductDependency;
			package = 771BDA4B2B91F2880081E782 /* XCRemoteSwiftPackageReference "firebase-ios-sdk" */;
			productName = FirebasePerformance;
		};
		771BDA7A2B91F2890081E782 /* FirebaseRemoteConfig */ = {
			isa = XCSwiftPackageProductDependency;
			package = 771BDA4B2B91F2880081E782 /* XCRemoteSwiftPackageReference "firebase-ios-sdk" */;
			productName = FirebaseRemoteConfig;
		};
		771BDA7C2B91F2890081E782 /* FirebaseRemoteConfigSwift */ = {
			isa = XCSwiftPackageProductDependency;
			package = 771BDA4B2B91F2880081E782 /* XCRemoteSwiftPackageReference "firebase-ios-sdk" */;
			productName = FirebaseRemoteConfigSwift;
		};
		771BDA7E2B91F2890081E782 /* FirebaseStorage */ = {
			isa = XCSwiftPackageProductDependency;
			package = 771BDA4B2B91F2880081E782 /* XCRemoteSwiftPackageReference "firebase-ios-sdk" */;
			productName = FirebaseStorage;
		};
		771BDA802B91F2890081E782 /* FirebaseStorageCombine-Community */ = {
			isa = XCSwiftPackageProductDependency;
			package = 771BDA4B2B91F2880081E782 /* XCRemoteSwiftPackageReference "firebase-ios-sdk" */;
			productName = "FirebaseStorageCombine-Community";
		};
/* End XCSwiftPackageProductDependency section */
	};
	rootObject = 77AC0C902B8F57F100B385B9 /* Project object */;
}
